# THIS IS AN AUTOGENERATED FILE. DO NOT EDIT THIS FILE DIRECTLY.
# yarn lockfile v1


"@adobe/css-tools@^4.0.1":
  version "4.2.0"
  resolved "https://registry.yarnpkg.com/@adobe/css-tools/-/css-tools-4.2.0.tgz#e1a84fca468f4b337816fcb7f0964beb620ba855"
  integrity sha512-E09FiIft46CmH5Qnjb0wsW54/YQd69LsxeKUOWawmws1XWvyFGURnAChH0mlr7YPFR1ofwvUQfcL0J3lMxXqPA==

"@ampproject/remapping@^2.2.0":
  version "2.2.0"
  resolved "https://registry.yarnpkg.com/@ampproject/remapping/-/remapping-2.2.0.tgz#56c133824780de3174aed5ab6834f3026790154d"
  integrity sha512-qRmjj8nj9qmLTQXXmaR1cck3UXSRMPrbsLJAasZpF+t3riI71BXed5ebIOYwQntykeZuhjsdweEc9BxH5Jc26w==
  dependencies:
    "@jridgewell/gen-mapping" "^0.1.0"
    "@jridgewell/trace-mapping" "^0.3.9"

"@apideck/better-ajv-errors@^0.3.1":
  version "0.3.6"
  resolved "https://registry.yarnpkg.com/@apideck/better-ajv-errors/-/better-ajv-errors-0.3.6.tgz#957d4c28e886a64a8141f7522783be65733ff097"
  integrity sha512-P+ZygBLZtkp0qqOAJJVX4oX/sFo5JR3eBWwwuqHHhK0GIgQOKWrAfiAaWX0aArHkRWHMuggFEgAZNxVPwPZYaA==
  dependencies:
    json-schema "^0.4.0"
    jsonpointer "^5.0.0"
    leven "^3.1.0"

"@babel/code-frame@^7.0.0", "@babel/code-frame@^7.10.4", "@babel/code-frame@^7.12.13", "@babel/code-frame@^7.16.0", "@babel/code-frame@^7.18.6", "@babel/code-frame@^7.8.3":
  version "7.18.6"
  resolved "https://registry.yarnpkg.com/@babel/code-frame/-/code-frame-7.18.6.tgz#3b25d38c89600baa2dcc219edfa88a74eb2c427a"
  integrity sha512-TDCmlK5eOvH+eH7cdAFlNXeVJqWIQ7gW9tY1GJIpUtFb6CmjVyq2VM3u71bOyR8CRihcCgMUYoDNyLXao3+70Q==
  dependencies:
    "@babel/highlight" "^7.18.6"

"@babel/compat-data@^7.17.7", "@babel/compat-data@^7.20.1", "@babel/compat-data@^7.20.5":
  version "7.21.0"
  resolved "https://registry.yarnpkg.com/@babel/compat-data/-/compat-data-7.21.0.tgz#c241dc454e5b5917e40d37e525e2f4530c399298"
  integrity sha512-gMuZsmsgxk/ENC3O/fRw5QY8A9/uxQbbCEypnLIiYYc/qVJtEV7ouxC3EllIIwNzMqAQee5tanFabWsUOutS7g==

"@babel/core@^7.1.0", "@babel/core@^7.11.1", "@babel/core@^7.12.3", "@babel/core@^7.16.0", "@babel/core@^7.7.2", "@babel/core@^7.8.0":
  version "7.21.0"
  resolved "https://registry.yarnpkg.com/@babel/core/-/core-7.21.0.tgz#1341aefdcc14ccc7553fcc688dd8986a2daffc13"
  integrity sha512-PuxUbxcW6ZYe656yL3EAhpy7qXKq0DmYsrJLpbB8XrsCP9Nm+XCg9XFMb5vIDliPD7+U/+M+QJlH17XOcB7eXA==
  dependencies:
    "@ampproject/remapping" "^2.2.0"
    "@babel/code-frame" "^7.18.6"
    "@babel/generator" "^7.21.0"
    "@babel/helper-compilation-targets" "^7.20.7"
    "@babel/helper-module-transforms" "^7.21.0"
    "@babel/helpers" "^7.21.0"
    "@babel/parser" "^7.21.0"
    "@babel/template" "^7.20.7"
    "@babel/traverse" "^7.21.0"
    "@babel/types" "^7.21.0"
    convert-source-map "^1.7.0"
    debug "^4.1.0"
    gensync "^1.0.0-beta.2"
    json5 "^2.2.2"
    semver "^6.3.0"

"@babel/eslint-parser@^7.16.3":
  version "7.19.1"
  resolved "https://registry.yarnpkg.com/@babel/eslint-parser/-/eslint-parser-7.19.1.tgz#4f68f6b0825489e00a24b41b6a1ae35414ecd2f4"
  integrity sha512-AqNf2QWt1rtu2/1rLswy6CDP7H9Oh3mMhk177Y67Rg8d7RD9WfOLLv8CGn6tisFvS2htm86yIe1yLF6I1UDaGQ==
  dependencies:
    "@nicolo-ribaudo/eslint-scope-5-internals" "5.1.1-v1"
    eslint-visitor-keys "^2.1.0"
    semver "^6.3.0"

"@babel/generator@^7.21.0", "@babel/generator@^7.7.2":
  version "7.21.1"
  resolved "https://registry.yarnpkg.com/@babel/generator/-/generator-7.21.1.tgz#951cc626057bc0af2c35cd23e9c64d384dea83dd"
  integrity sha512-1lT45bAYlQhFn/BHivJs43AiW2rg3/UbLyShGfF3C0KmHvO5fSghWd5kBJy30kpRRucGzXStvnnCFniCR2kXAA==
  dependencies:
    "@babel/types" "^7.21.0"
    "@jridgewell/gen-mapping" "^0.3.2"
    "@jridgewell/trace-mapping" "^0.3.17"
    jsesc "^2.5.1"

"@babel/helper-annotate-as-pure@^7.18.6":
  version "7.18.6"
  resolved "https://registry.yarnpkg.com/@babel/helper-annotate-as-pure/-/helper-annotate-as-pure-7.18.6.tgz#eaa49f6f80d5a33f9a5dd2276e6d6e451be0a6bb"
  integrity sha512-duORpUiYrEpzKIop6iNbjnwKLAKnJ47csTyRACyEmWj0QdUrm5aqNJGHSSEQSUAvNW0ojX0dOmK9dZduvkfeXA==
  dependencies:
    "@babel/types" "^7.18.6"

"@babel/helper-builder-binary-assignment-operator-visitor@^7.18.6":
  version "7.18.9"
  resolved "https://registry.yarnpkg.com/@babel/helper-builder-binary-assignment-operator-visitor/-/helper-builder-binary-assignment-operator-visitor-7.18.9.tgz#acd4edfd7a566d1d51ea975dff38fd52906981bb"
  integrity sha512-yFQ0YCHoIqarl8BCRwBL8ulYUaZpz3bNsA7oFepAzee+8/+ImtADXNOmO5vJvsPff3qi+hvpkY/NYBTrBQgdNw==
  dependencies:
    "@babel/helper-explode-assignable-expression" "^7.18.6"
    "@babel/types" "^7.18.9"

"@babel/helper-compilation-targets@^7.17.7", "@babel/helper-compilation-targets@^7.18.9", "@babel/helper-compilation-targets@^7.20.0", "@babel/helper-compilation-targets@^7.20.7":
  version "7.20.7"
  resolved "https://registry.yarnpkg.com/@babel/helper-compilation-targets/-/helper-compilation-targets-7.20.7.tgz#a6cd33e93629f5eb473b021aac05df62c4cd09bb"
  integrity sha512-4tGORmfQcrc+bvrjb5y3dG9Mx1IOZjsHqQVUz7XCNHO+iTmqxWnVg3KRygjGmpRLJGdQSKuvFinbIb0CnZwHAQ==
  dependencies:
    "@babel/compat-data" "^7.20.5"
    "@babel/helper-validator-option" "^7.18.6"
    browserslist "^4.21.3"
    lru-cache "^5.1.1"
    semver "^6.3.0"

"@babel/helper-create-class-features-plugin@^7.18.6", "@babel/helper-create-class-features-plugin@^7.21.0":
  version "7.21.0"
  resolved "https://registry.yarnpkg.com/@babel/helper-create-class-features-plugin/-/helper-create-class-features-plugin-7.21.0.tgz#64f49ecb0020532f19b1d014b03bccaa1ab85fb9"
  integrity sha512-Q8wNiMIdwsv5la5SPxNYzzkPnjgC0Sy0i7jLkVOCdllu/xcVNkr3TeZzbHBJrj+XXRqzX5uCyCoV9eu6xUG7KQ==
  dependencies:
    "@babel/helper-annotate-as-pure" "^7.18.6"
    "@babel/helper-environment-visitor" "^7.18.9"
    "@babel/helper-function-name" "^7.21.0"
    "@babel/helper-member-expression-to-functions" "^7.21.0"
    "@babel/helper-optimise-call-expression" "^7.18.6"
    "@babel/helper-replace-supers" "^7.20.7"
    "@babel/helper-skip-transparent-expression-wrappers" "^7.20.0"
    "@babel/helper-split-export-declaration" "^7.18.6"

"@babel/helper-create-regexp-features-plugin@^7.18.6", "@babel/helper-create-regexp-features-plugin@^7.20.5":
  version "7.21.0"
  resolved "https://registry.yarnpkg.com/@babel/helper-create-regexp-features-plugin/-/helper-create-regexp-features-plugin-7.21.0.tgz#53ff78472e5ce10a52664272a239787107603ebb"
  integrity sha512-N+LaFW/auRSWdx7SHD/HiARwXQju1vXTW4fKr4u5SgBUTm51OKEjKgj+cs00ggW3kEvNqwErnlwuq7Y3xBe4eg==
  dependencies:
    "@babel/helper-annotate-as-pure" "^7.18.6"
    regexpu-core "^5.3.1"

"@babel/helper-define-polyfill-provider@^0.3.3":
  version "0.3.3"
  resolved "https://registry.yarnpkg.com/@babel/helper-define-polyfill-provider/-/helper-define-polyfill-provider-0.3.3.tgz#8612e55be5d51f0cd1f36b4a5a83924e89884b7a"
  integrity sha512-z5aQKU4IzbqCC1XH0nAqfsFLMVSo22SBKUc0BxGrLkolTdPTructy0ToNnlO2zA4j9Q/7pjMZf0DSY+DSTYzww==
  dependencies:
    "@babel/helper-compilation-targets" "^7.17.7"
    "@babel/helper-plugin-utils" "^7.16.7"
    debug "^4.1.1"
    lodash.debounce "^4.0.8"
    resolve "^1.14.2"
    semver "^6.1.2"

"@babel/helper-environment-visitor@^7.18.9":
  version "7.18.9"
  resolved "https://registry.yarnpkg.com/@babel/helper-environment-visitor/-/helper-environment-visitor-7.18.9.tgz#0c0cee9b35d2ca190478756865bb3528422f51be"
  integrity sha512-3r/aACDJ3fhQ/EVgFy0hpj8oHyHpQc+LPtJoY9SzTThAsStm4Ptegq92vqKoE3vD706ZVFWITnMnxucw+S9Ipg==

"@babel/helper-explode-assignable-expression@^7.18.6":
  version "7.18.6"
  resolved "https://registry.yarnpkg.com/@babel/helper-explode-assignable-expression/-/helper-explode-assignable-expression-7.18.6.tgz#41f8228ef0a6f1a036b8dfdfec7ce94f9a6bc096"
  integrity sha512-eyAYAsQmB80jNfg4baAtLeWAQHfHFiR483rzFK+BhETlGZaQC9bsfrugfXDCbRHLQbIA7U5NxhhOxN7p/dWIcg==
  dependencies:
    "@babel/types" "^7.18.6"

"@babel/helper-function-name@^7.18.9", "@babel/helper-function-name@^7.19.0", "@babel/helper-function-name@^7.21.0":
  version "7.21.0"
  resolved "https://registry.yarnpkg.com/@babel/helper-function-name/-/helper-function-name-7.21.0.tgz#d552829b10ea9f120969304023cd0645fa00b1b4"
  integrity sha512-HfK1aMRanKHpxemaY2gqBmL04iAPOPRj7DxtNbiDOrJK+gdwkiNRVpCpUJYbUT+aZyemKN8brqTOxzCaG6ExRg==
  dependencies:
    "@babel/template" "^7.20.7"
    "@babel/types" "^7.21.0"

"@babel/helper-hoist-variables@^7.18.6":
  version "7.18.6"
  resolved "https://registry.yarnpkg.com/@babel/helper-hoist-variables/-/helper-hoist-variables-7.18.6.tgz#d4d2c8fb4baeaa5c68b99cc8245c56554f926678"
  integrity sha512-UlJQPkFqFULIcyW5sbzgbkxn2FKRgwWiRexcuaR8RNJRy8+LLveqPjwZV/bwrLZCN0eUHD/x8D0heK1ozuoo6Q==
  dependencies:
    "@babel/types" "^7.18.6"

"@babel/helper-member-expression-to-functions@^7.20.7", "@babel/helper-member-expression-to-functions@^7.21.0":
  version "7.21.0"
  resolved "https://registry.yarnpkg.com/@babel/helper-member-expression-to-functions/-/helper-member-expression-to-functions-7.21.0.tgz#319c6a940431a133897148515877d2f3269c3ba5"
  integrity sha512-Muu8cdZwNN6mRRNG6lAYErJ5X3bRevgYR2O8wN0yn7jJSnGDu6eG59RfT29JHxGUovyfrh6Pj0XzmR7drNVL3Q==
  dependencies:
    "@babel/types" "^7.21.0"

"@babel/helper-module-imports@^7.10.4", "@babel/helper-module-imports@^7.18.6":
  version "7.18.6"
  resolved "https://registry.yarnpkg.com/@babel/helper-module-imports/-/helper-module-imports-7.18.6.tgz#1e3ebdbbd08aad1437b428c50204db13c5a3ca6e"
  integrity sha512-0NFvs3VkuSYbFi1x2Vd6tKrywq+z/cLeYC/RJNFrIX/30Bf5aiGYbtvGXolEktzJH8o5E5KJ3tT+nkxuuZFVlA==
  dependencies:
    "@babel/types" "^7.18.6"

"@babel/helper-module-transforms@^7.18.6", "@babel/helper-module-transforms@^7.20.11", "@babel/helper-module-transforms@^7.21.0":
  version "7.21.0"
  resolved "https://registry.yarnpkg.com/@babel/helper-module-transforms/-/helper-module-transforms-7.21.0.tgz#89a8f86ad748870e3d024e470b2e8405e869db67"
  integrity sha512-eD/JQ21IG2i1FraJnTMbUarAUkA7G988ofehG5MDCRXaUU91rEBJuCeSoou2Sk1y4RbLYXzqEg1QLwEmRU4qcQ==
  dependencies:
    "@babel/helper-environment-visitor" "^7.18.9"
    "@babel/helper-module-imports" "^7.18.6"
    "@babel/helper-simple-access" "^7.20.2"
    "@babel/helper-split-export-declaration" "^7.18.6"
    "@babel/helper-validator-identifier" "^7.19.1"
    "@babel/template" "^7.20.7"
    "@babel/traverse" "^7.21.0"
    "@babel/types" "^7.21.0"

"@babel/helper-optimise-call-expression@^7.18.6":
  version "7.18.6"
  resolved "https://registry.yarnpkg.com/@babel/helper-optimise-call-expression/-/helper-optimise-call-expression-7.18.6.tgz#9369aa943ee7da47edab2cb4e838acf09d290ffe"
  integrity sha512-HP59oD9/fEHQkdcbgFCnbmgH5vIQTJbxh2yf+CdM89/glUNnuzr87Q8GIjGEnOktTROemO0Pe0iPAYbqZuOUiA==
  dependencies:
    "@babel/types" "^7.18.6"

"@babel/helper-plugin-utils@^7.0.0", "@babel/helper-plugin-utils@^7.10.4", "@babel/helper-plugin-utils@^7.12.13", "@babel/helper-plugin-utils@^7.14.5", "@babel/helper-plugin-utils@^7.16.7", "@babel/helper-plugin-utils@^7.18.6", "@babel/helper-plugin-utils@^7.18.9", "@babel/helper-plugin-utils@^7.19.0", "@babel/helper-plugin-utils@^7.20.2", "@babel/helper-plugin-utils@^7.8.0", "@babel/helper-plugin-utils@^7.8.3":
  version "7.20.2"
  resolved "https://registry.yarnpkg.com/@babel/helper-plugin-utils/-/helper-plugin-utils-7.20.2.tgz#d1b9000752b18d0877cff85a5c376ce5c3121629"
  integrity sha512-8RvlJG2mj4huQ4pZ+rU9lqKi9ZKiRmuvGuM2HlWmkmgOhbs6zEAw6IEiJ5cQqGbDzGZOhwuOQNtZMi/ENLjZoQ==

"@babel/helper-remap-async-to-generator@^7.18.9":
  version "7.18.9"
  resolved "https://registry.yarnpkg.com/@babel/helper-remap-async-to-generator/-/helper-remap-async-to-generator-7.18.9.tgz#997458a0e3357080e54e1d79ec347f8a8cd28519"
  integrity sha512-dI7q50YKd8BAv3VEfgg7PS7yD3Rtbi2J1XMXaalXO0W0164hYLnh8zpjRS0mte9MfVp/tltvr/cfdXPvJr1opA==
  dependencies:
    "@babel/helper-annotate-as-pure" "^7.18.6"
    "@babel/helper-environment-visitor" "^7.18.9"
    "@babel/helper-wrap-function" "^7.18.9"
    "@babel/types" "^7.18.9"

"@babel/helper-replace-supers@^7.18.6", "@babel/helper-replace-supers@^7.20.7":
  version "7.20.7"
  resolved "https://registry.yarnpkg.com/@babel/helper-replace-supers/-/helper-replace-supers-7.20.7.tgz#243ecd2724d2071532b2c8ad2f0f9f083bcae331"
  integrity sha512-vujDMtB6LVfNW13jhlCrp48QNslK6JXi7lQG736HVbHz/mbf4Dc7tIRh1Xf5C0rF7BP8iiSxGMCmY6Ci1ven3A==
  dependencies:
    "@babel/helper-environment-visitor" "^7.18.9"
    "@babel/helper-member-expression-to-functions" "^7.20.7"
    "@babel/helper-optimise-call-expression" "^7.18.6"
    "@babel/template" "^7.20.7"
    "@babel/traverse" "^7.20.7"
    "@babel/types" "^7.20.7"

"@babel/helper-simple-access@^7.20.2":
  version "7.20.2"
  resolved "https://registry.yarnpkg.com/@babel/helper-simple-access/-/helper-simple-access-7.20.2.tgz#0ab452687fe0c2cfb1e2b9e0015de07fc2d62dd9"
  integrity sha512-+0woI/WPq59IrqDYbVGfshjT5Dmk/nnbdpcF8SnMhhXObpTq2KNBdLFRFrkVdbDOyUmHBCxzm5FHV1rACIkIbA==
  dependencies:
    "@babel/types" "^7.20.2"

"@babel/helper-skip-transparent-expression-wrappers@^7.20.0":
  version "7.20.0"
  resolved "https://registry.yarnpkg.com/@babel/helper-skip-transparent-expression-wrappers/-/helper-skip-transparent-expression-wrappers-7.20.0.tgz#fbe4c52f60518cab8140d77101f0e63a8a230684"
  integrity sha512-5y1JYeNKfvnT8sZcK9DVRtpTbGiomYIHviSP3OQWmDPU3DeH4a1ZlT/N2lyQ5P8egjcRaT/Y9aNqUxK0WsnIIg==
  dependencies:
    "@babel/types" "^7.20.0"

"@babel/helper-split-export-declaration@^7.18.6":
  version "7.18.6"
  resolved "https://registry.yarnpkg.com/@babel/helper-split-export-declaration/-/helper-split-export-declaration-7.18.6.tgz#7367949bc75b20c6d5a5d4a97bba2824ae8ef075"
  integrity sha512-bde1etTx6ZyTmobl9LLMMQsaizFVZrquTEHOqKeQESMKo4PlObf+8+JA25ZsIpZhT/WEd39+vOdLXAFG/nELpA==
  dependencies:
    "@babel/types" "^7.18.6"

"@babel/helper-string-parser@^7.19.4":
  version "7.19.4"
  resolved "https://registry.yarnpkg.com/@babel/helper-string-parser/-/helper-string-parser-7.19.4.tgz#38d3acb654b4701a9b77fb0615a96f775c3a9e63"
  integrity sha512-nHtDoQcuqFmwYNYPz3Rah5ph2p8PFeFCsZk9A/48dPc/rGocJ5J3hAAZ7pb76VWX3fZKu+uEr/FhH5jLx7umrw==

"@babel/helper-validator-identifier@^7.18.6", "@babel/helper-validator-identifier@^7.19.1":
  version "7.19.1"
  resolved "https://registry.yarnpkg.com/@babel/helper-validator-identifier/-/helper-validator-identifier-7.19.1.tgz#7eea834cf32901ffdc1a7ee555e2f9c27e249ca2"
  integrity sha512-awrNfaMtnHUr653GgGEs++LlAvW6w+DcPrOliSMXWCKo597CwL5Acf/wWdNkf/tfEQE3mjkeD1YOVZOUV/od1w==

"@babel/helper-validator-option@^7.18.6", "@babel/helper-validator-option@^7.21.0":
  version "7.21.0"
  resolved "https://registry.yarnpkg.com/@babel/helper-validator-option/-/helper-validator-option-7.21.0.tgz#8224c7e13ace4bafdc4004da2cf064ef42673180"
  integrity sha512-rmL/B8/f0mKS2baE9ZpyTcTavvEuWhTTW8amjzXNvYG4AwBsqTLikfXsEofsJEfKHf+HQVQbFOHy6o+4cnC/fQ==

"@babel/helper-wrap-function@^7.18.9":
  version "7.20.5"
  resolved "https://registry.yarnpkg.com/@babel/helper-wrap-function/-/helper-wrap-function-7.20.5.tgz#75e2d84d499a0ab3b31c33bcfe59d6b8a45f62e3"
  integrity sha512-bYMxIWK5mh+TgXGVqAtnu5Yn1un+v8DDZtqyzKRLUzrh70Eal2O3aZ7aPYiMADO4uKlkzOiRiZ6GX5q3qxvW9Q==
  dependencies:
    "@babel/helper-function-name" "^7.19.0"
    "@babel/template" "^7.18.10"
    "@babel/traverse" "^7.20.5"
    "@babel/types" "^7.20.5"

"@babel/helpers@^7.21.0":
  version "7.21.0"
  resolved "https://registry.yarnpkg.com/@babel/helpers/-/helpers-7.21.0.tgz#9dd184fb5599862037917cdc9eecb84577dc4e7e"
  integrity sha512-XXve0CBtOW0pd7MRzzmoyuSj0e3SEzj8pgyFxnTT1NJZL38BD1MK7yYrm8yefRPIDvNNe14xR4FdbHwpInD4rA==
  dependencies:
    "@babel/template" "^7.20.7"
    "@babel/traverse" "^7.21.0"
    "@babel/types" "^7.21.0"

"@babel/highlight@^7.