# THIS IS AN AUTOGENERATED FILE. DO NOT EDIT THIS FILE DIRECTLY.
# yarn lockfile v1


"@adobe/css-tools@^4.0.1":
  version "4.2.0"
  resolved "https://registry.yarnpkg.com/@adobe/css-tools/-/css-tools-4.2.0.tgz#e1a84fca468f4b337816fcb7f0964beb620ba855"
  integrity sha512-E09FiIft46CmH5Qnjb0wsW54/YQd69LsxeKUOWawmws1XWvyFGURnAChH0mlr7YPFR1ofwvUQfcL0J3lMxXqPA==

"@ampproject/remapping@^2.2.0":
  version "2.2.0"
  resolved "https://registry.yarnpkg.com/@ampproject/remapping/-/remapping-2.2.0.tgz#56c133824780de3174aed5ab6834f3026790154d"
  integrity sha512-qRmjj8nj9qmLTQXXmaR1cck3UXSRMPrbsLJAasZpF+t3riI71BXed5ebIOYwQntykeZuhjsdweEc9BxH5Jc26w==
  dependencies:
    "@jridgewell/gen-mapping" "^0.1.0"
    "@jridgewell/trace-mapping" "^0.3.9"

"@apideck/better-ajv-errors@^0.3.1":
  version "0.3.6"
  resolved "https://registry.yarnpkg.com/@apideck/better-ajv-errors/-/better-ajv-errors-0.3.6.tgz#957d4c28e886a64a8141f7522783be65733ff097"
  integrity sha512-P+ZygBLZtkp0qqOAJJVX4oX/sFo5JR3eBWwwuqHHhK0GIgQOKWrAfiAaWX0aArHkRWHMuggFEgAZNxVPwPZYaA==
  dependencies:
    json-schema "^0.4.0"
    jsonpointer "^5.0.0"
    leven "^3.1.0"

"@azure/msal-browser@^2.33.0":
  version "2.33.0"
  resolved "https://registry.yarnpkg.com/@azure/msal-browser/-/msal-browser-2.33.0.tgz#4703e59ad7db72a7878b22caca581800f0b062fb"
  integrity sha512-c7CVh1tfUfxiWkEIhoIb11hL4PGo4hz0M+gMy34ATagAKdLK7qyEu/5AXJWAf5lz5eE+vQhm7+LKiuETrcXXGw==
  dependencies:
    "@azure/msal-common" "^10.0.0"

"@azure/msal-common@^10.0.0":
  version "10.0.0"
  resolved "https://registry.yarnpkg.com/@azure/msal-common/-/msal-common-10.0.0.tgz#07fc39ae2a2e6f2c1da8e26657058317de52b65a"
  integrity sha512-/LghpT93jsZLy55QzTsRZWMx6R1Mjc1Aktwps8sKSGE3WbrGwbSsh2uhDlpl6FMcKChYjJ0ochThWwwOodrQNg==

"@azure/msal-react@^1.5.3":
  version "1.5.3"
  resolved "https://registry.yarnpkg.com/@azure/msal-react/-/msal-react-1.5.3.tgz#9a36b8f17f3dbb6fc1cce7a70a18b29f33023f68"
  integrity sha512-PIbksHzNDzEA8iV9BGiKTdxNZVryvJ4CZ/sFhuqX87I5xbCbcxF/oz6iv1qWqtHAeovUigARBZPw7lQOUVsQmg==

"@babel/code-frame@^7.0.0", "@babel/code-frame@^7.10.4", "@babel/code-frame@^7.12.13", "@babel/code-frame@^7.16.0", "@babel/code-frame@^7.18.6", "@babel/code-frame@^7.8.3":
  version "7.18.6"
  resolved "https://registry.yarnpkg.com/@babel/code-frame/-/code-frame-7.18.6.tgz#3b25d38c89600baa2dcc219edfa88a74eb2c427a"
  integrity sha512-TDCmlK5eOvH+eH7cdAFlNXeVJqWIQ7gW9tY1GJIpUtFb6CmjVyq2VM3u71bOyR8CRihcCgMUYoDNyLXao3+70Q==
  dependencies:
    "@babel/highlight" "^7.18.6"

"@babel/compat-data@^7.17.7", "@babel/compat-data@^7.20.1", "@babel/compat-data@^7.20.5":
  version "7.21.0"
  resolved "https://registry.yarnpkg.com/@babel/compat-data/-/compat-data-7.21.0.tgz#c241dc454e5b5917e40d37e525e2f4530c399298"
  integrity sha512-gMuZsmsgxk/ENC3O/fRw5QY8A9/uxQbbCEypnLIiYYc/qVJtEV7ouxC3EllIIwNzMqAQee5tanFabWsUOutS7g==

"@babel/core@^7.1.0", "@babel/core@^7.11.1", "@babel/core@^7.12.3", "@babel/core@^7.16.0", "@babel/core@^7.7.2", "@babel/core@^7.8.0":
  version "7.21.0"
  resolved "https://registry.yarnpkg.com/@babel/core/-/core-7.21.0.tgz#1341aefdcc14ccc7553fcc688dd8986a2daffc13"
  integrity sha512-PuxUbxcW6ZYe656yL3EAhpy7qXKq0DmYsrJLpbB8XrsCP9Nm+XCg9XFMb5vIDliPD7+U/+M+QJlH17XOcB7eXA==
  dependencies:
    "@ampproject/remapping" "^2.2.0"
    "@babel/code-frame" "^7.18.6"
    "@babel/generator" "^7.21.0"
    "@babel/helper-compilation-targets" "^7.20.7"
    "@babel/helper-module-transforms" "^7.21.0"
    "@babel/helpers" "^7.21.0"
    "@babel/parser" "^7.21.0"
    "@babel/template" "^7.20.7"
    "@babel/traverse" "^7.21.0"
    "@babel/types" "^7.21.0"
    convert-source-map "^1.7.0"
    debug "^4.1.0"
    gensync "^1.0.0-beta.2"
    json5 "^2.2.2"
    semver "^6.3.0"

"@babel/eslint-parser@^7.16.3":
  version "7.19.1"
  resolved "https://registry.yarnpkg.com/@babel/eslint-parser/-/eslint-parser-7.19.1.tgz#4f68f6b0825489e00a24b41b6a1ae35414ecd2f4"
  integrity sha512-AqNf2QWt1rtu2/1rLswy6CDP7H9Oh3mMhk177Y67Rg8d7RD9WfOLLv8CGn6tisFvS2htm86yIe1yLF6I1UDaGQ==
  dependencies:
    "@nicolo-ribaudo/eslint-scope-5-internals" "5.1.1-v1"
    eslint-visitor-keys "^2.1.0"
    semver "^6.3.0"

"@babel/generator@^7.21.0", "@babel/generator@^7.7.2":
  version "7.21.1"
  resolved "https://registry.yarnpkg.com/@babel/generator/-/generator-7.21.1.tgz#951cc626057bc0af2c35cd23e9c64d384dea83dd"
  integrity sha512-1lT45bAYlQhFn/BHivJs43AiW2rg3/UbLyShGfF3C0KmHvO5fSghWd5kBJy30kpRRucGzXStvnnCFniCR2kXAA==
  dependencies:
    "@babel/types" "^7.21.0"
    "@jridgewell/gen-mapping" "^0.3.2"
    "@jridgewell/trace-mapping" "^0.3.17"
    jsesc "^2.5.1"

"@babel/helper-annotate-as-pure@^7.18.6":
  version "7.18.6"
  resolved "https://registry.yarnpkg.com/@babel/helper-annotate-as-pure/-/helper-annotate-as-pure-7.18.6.tgz#eaa49f6f80d5a33f9a5dd2276e6d6e451be0a6bb"
  integrity sha512-duORpUiYrEpzKIop6iNbjnwKLAKnJ47csTyRACyEmWj0QdUrm5aqNJGHSSEQSUAvNW0ojX0dOmK9dZduvkfeXA==
  dependencies:
    "@babel/types" "^7.18.6"

"@babel/helper-builder-binary-assignment-operator-visitor@^7.18.6":
  version "7.18.9"
  resolved "https://